
Microsoft Visual Studio Solution File, Format Version 12.00
# Visual Studio Version 17
VisualStudioVersion = 17.0.31903.59
MinimumVisualStudioVersion = 10.0.40219.1
Project("{FAE04EC0-301F-11D3-BF4B-00C04F79EFBC}") = "KeyboardCapture", "KeyboardCapture.csproj", "{482134BB-357C-4D56-983E-2E36F9ED47A7}"
EndProject
Project("{2150E333-8FDC-42A3-9474-1A3956D46DE8}") = "src", "src", "{827E0CD3-B72D-47B6-A68D-7590B98EB39B}"
EndProject
Project("{FAE04EC0-301F-11D3-BF4B-00C04F79EFBC}") = "KeyboardCapture.Abstractions", "src\KeyboardCapture.Abstractions\KeyboardCapture.Abstractions.csproj", "{440BB35F-AAE2-4F5D-BF91-F52DF3A8F31E}"
EndProject
Project("{2150E333-8FDC-42A3-9474-1A3956D46DE8}") = "demo", "demo", "{A39C23D2-F2C0-258D-165A-CF1E7FEE6E7B}"
EndProject
Project("{FAE04EC0-301F-11D3-BF4B-00C04F79EFBC}") = "KeyboardCapture.DemoPlugin", "demo\KeyboardCapture.DemoPlugin\KeyboardCapture.DemoPlugin.csproj", "{ABA4D0AD-0A48-4F90-A26E-9A5DEF291C96}"
EndProject
Global
	GlobalSection(SolutionConfigurationPlatforms) = preSolution
		Debug|Any CPU = Debug|Any CPU
		Debug|x64 = Debug|x64
		Debug|x86 = Debug|x86
		Release|Any CPU = Release|Any CPU
		Release|x64 = Release|x64
		Release|x86 = Release|x86
	EndGlobalSection
	GlobalSection(ProjectConfigurationPlatforms) = postSolution
		{482134BB-357C-4D56-983E-2E36F9ED47A7}.Debug|Any CPU.ActiveCfg = Debug|Any CPU
		{482134BB-357C-4D56-983E-2E36F9ED47A7}.Debug|Any CPU.Build.0 = Debug|Any CPU
		{482134BB-357C-4D56-983E-2E36F9ED47A7}.Debug|x64.ActiveCfg = Debug|Any CPU
		{482134BB-357C-4D56-983E-2E36F9ED47A7}.Debug|x64.Build.0 = Debug|Any CPU
		{482134BB-357C-4D56-983E-2E36F9ED47A7}.Debug|x86.ActiveCfg = Debug|Any CPU
		{482134BB-357C-4D56-983E-2E36F9ED47A7}.Debug|x86.Build.0 = Debug|Any CPU
		{482134BB-357C-4D56-983E-2E36F9ED47A7}.Release|Any CPU.ActiveCfg = Release|Any CPU
		{482134BB-357C-4D56-983E-2E36F9ED47A7}.Release|Any CPU.Build.0 = Release|Any CPU
		{482134BB-357C-4D56-983E-2E36F9ED47A7}.Release|x64.ActiveCfg = Release|Any CPU
		{482134BB-357C-4D56-983E-2E36F9ED47A7}.Release|x64.Build.0 = Release|Any CPU
		{482134BB-357C-4D56-983E-2E36F9ED47A7}.Release|x86.ActiveCfg = Release|Any CPU
		{482134BB-357C-4D56-983E-2E36F9ED47A7}.Release|x86.Build.0 = Release|Any CPU
		{440BB35F-AAE2-4F5D-BF91-F52DF3A8F31E}.Debug|Any CPU.ActiveCfg = Debug|Any CPU
		{440BB35F-AAE2-4F5D-BF91-F52DF3A8F31E}.Debug|Any CPU.Build.0 = Debug|Any CPU
		{440BB35F-AAE2-4F5D-BF91-F52DF3A8F31E}.Debug|x64.ActiveCfg = Debug|Any CPU
		{440BB35F-AAE2-4F5D-BF91-F52DF3A8F31E}.Debug|x64.Build.0 = Debug|Any CPU
		{440BB35F-AAE2-4F5D-BF91-F52DF3A8F31E}.Debug|x86.ActiveCfg = Debug|Any CPU
		{440BB35F-AAE2-4F5D-BF91-F52DF3A8F31E}.Debug|x86.Build.0 = Debug|Any CPU
		{440BB35F-AAE2-4F5D-BF91-F52DF3A8F31E}.Release|Any CPU.ActiveCfg = Release|Any CPU
		{440BB35F-AAE2-4F5D-BF91-F52DF3A8F31E}.Release|Any CPU.Build.0 = Release|Any CPU
		{440BB35F-AAE2-4F5D-BF91-F52DF3A8F31E}.Release|x64.ActiveCfg = Release|Any CPU
		{440BB35F-AAE2-4F5D-BF91-F52DF3A8F31E}.Release|x64.Build.0 = Release|Any CPU
		{440BB35F-AAE2-4F5D-BF91-F52DF3A8F31E}.Release|x86.ActiveCfg = Release|Any CPU
		{440BB35F-AAE2-4F5D-BF91-F52DF3A8F31E}.Release|x86.Build.0 = Release|Any CPU
		{ABA4D0AD-0A48-4F90-A26E-9A5DEF291C96}.Debug|Any CPU.ActiveCfg = Debug|Any CPU
		{ABA4D0AD-0A48-4F90-A26E-9A5DEF291C96}.Debug|Any CPU.Build.0 = Debug|Any CPU
		{ABA4D0AD-0A48-4F90-A26E-9A5DEF291C96}.Debug|x64.ActiveCfg = Debug|Any CPU
		{ABA4D0AD-0A48-4F90-A26E-9A5DEF291C96}.Debug|x64.Build.0 = Debug|Any CPU
		{ABA4D0AD-0A48-4F90-A26E-9A5DEF291C96}.Debug|x86.ActiveCfg = Debug|Any CPU
		{ABA4D0AD-0A48-4F90-A26E-9A5DEF291C96}.Debug|x86.Build.0 = Debug|Any CPU
		{ABA4D0AD-0A48-4F90-A26E-9A5DEF291C96}.Release|Any CPU.ActiveCfg = Release|Any CPU
		{ABA4D0AD-0A48-4F90-A26E-9A5DEF291C96}.Release|Any CPU.Build.0 = Release|Any CPU
		{ABA4D0AD-0A48-4F90-A26E-9A5DEF291C96}.Release|x64.ActiveCfg = Release|Any CPU
		{ABA4D0AD-0A48-4F90-A26E-9A5DEF291C96}.Release|x64.Build.0 = Release|Any CPU
		{ABA4D0AD-0A48-4F90-A26E-9A5DEF291C96}.Release|x86.ActiveCfg = Release|Any CPU
		{ABA4D0AD-0A48-4F90-A26E-9A5DEF291C96}.Release|x86.Build.0 = Release|Any CPU
	EndGlobalSection
	GlobalSection(SolutionProperties) = preSolution
		HideSolutionNode = FALSE
	EndGlobalSection
	GlobalSection(NestedProjects) = preSolution
		{440BB35F-AAE2-4F5D-BF91-F52DF3A8F31E} = {827E0CD3-B72D-47B6-A68D-7590B98EB39B}
		{ABA4D0AD-0A48-4F90-A26E-9A5DEF291C96} = {A39C23D2-F2C0-258D-165A-CF1E7FEE6E7B}
	EndGlobalSection
EndGlobal
